<?xml version="1.0" encoding="utf-8"?>
<Project ToolsVersion="4.0" xmlns="http://schemas.microsoft.com/developer/msbuild/2003">
  <ItemGroup>
    <Filter Include="core">
      <UniqueIdentifier>{27a1d9b3-c89d-4900-a221-06d88c3290dd}</UniqueIdentifier>
    </Filter>
    <Filter Include="str">
      <UniqueIdentifier>{aef6d739-cff1-448e-b0e5-2d956caab869}</UniqueIdentifier>
    </Filter>
    <Filter Include="datastructure">
      <UniqueIdentifier>{115ffdc1-004e-4e6e-bf6c-5069b25f573d}</UniqueIdentifier>
    </Filter>
    <Filter Include="datetime">
      <UniqueIdentifier>{3a6486fa-26e1-44aa-ba6f-21a09509443a}</UniqueIdentifier>
    </Filter>
    <Filter Include="geometry">
      <UniqueIdentifier>{548a4f12-69c8-4cf9-9e5a-45313c0bc27c}</UniqueIdentifier>
    </Filter>
  </ItemGroup>
  <ItemGroup>
    <ClInclude Include="..\..\..\..\src\utils4cpp\datetime\Date.h">
      <Filter>datetime</Filter>
    </ClInclude>
    <ClInclude Include="..\..\..\..\src\utils4cpp\datetime\ElapsedTimer.h">
      <Filter>datetime</Filter>
    </ClInclude>
    <ClInclude Include="..\..\..\..\src\utils4cpp\datetime\Time.h">
      <Filter>datetime</Filter>
    </ClInclude>
    <ClInclude Include="..\..\..\..\src\utils4cpp\core\Core.h">
      <Filter>core</Filter>
    </ClInclude>
    <ClInclude Include="..\..\..\..\src\utils4cpp\core\CppStandardDetection.h">
      <Filter>core</Filter>
    </ClInclude>
    <ClInclude Include="..\..\..\..\src\utils4cpp\core\Export.h">
      <Filter>core</Filter>
    </ClInclude>
    <ClInclude Include="..\..\..\..\src\utils4cpp\core\SystemDetection.h">
      <Filter>core</Filter>
    </ClInclude>
    <ClInclude Include="..\..\..\..\src\utils4cpp\core\Version.h">
      <Filter>core</Filter>
    </ClInclude>
    <ClInclude Include="..\..\..\..\src\utils4cpp\datastructure\Matrix.h">
      <Filter>datastructure</Filter>
    </ClInclude>
    <ClInclude Include="..\..\..\..\src\utils4cpp\geometry\Cuboid.h">
      <Filter>geometry</Filter>
    </ClInclude>
    <ClInclude Include="..\..\..\..\src\utils4cpp\geometry\Point.h">
      <Filter>geometry</Filter>
    </ClInclude>
    <ClInclude Include="..\..\..\..\src\utils4cpp\geometry\Rect.h">
      <Filter>geometry</Filter>
    </ClInclude>
    <ClInclude Include="..\..\..\..\src\utils4cpp\geometry\Size.h">
      <Filter>geometry</Filter>
    </ClInclude>
    <ClInclude Include="..\..\..\..\src\utils4cpp\str\StringToNumber.h">
      <Filter>str</Filter>
    </ClInclude>
    <ClInclude Include="..\..\..\..\src\utils4cpp\str\StringUtils.h">
      <Filter>str</Filter>
    </ClInclude>
  </ItemGroup>
  <ItemGroup>
    <ClCompile Include="..\..\..\..\src\utils4cpp\datetime\Date.cpp">
      <Filter>datetime</Filter>
    </ClCompile>
    <ClCompile Include="..\..\..\..\src\utils4cpp\datetime\ElapsedTimer.cpp">
      <Filter>datetime</Filter>
    </ClCompile>
    <ClCompile Include="..\..\..\..\src\utils4cpp\datetime\Time.cpp">
      <Filter>datetime</Filter>
    </ClCompile>
    <ClCompile Include="..\..\..\..\src\utils4cpp\str\StringUtils.cpp">
      <Filter>str</Filter>
    </ClCompile>
  </ItemGroup>
</Project>