<?xml version="1.0" encoding="utf-8"?>
<Project ToolsVersion="4.0" xmlns="http://schemas.microsoft.com/developer/msbuild/2003">
  <ItemGroup>
    <Filter Include="include">
      <UniqueIdentifier>{93995380-89BD-4b04-88EB-625FBE52EBFB}</UniqueIdentifier>
      <Extensions>h;hh;hpp;hxx;hm;inl;inc;ipp;xsd</Extensions>
    </Filter>
    <Filter Include="src">
      <UniqueIdentifier>{4FC737F1-C7A5-4376-A066-2A32D752A2FF}</UniqueIdentifier>
      <Extensions>cpp;c;cc;cxx;def;odl;idl;hpj;bat;asm;asmx</Extensions>
    </Filter>
    <Filter Include="include\core">
      <UniqueIdentifier>{c573de26-1179-498f-905c-06002ae86939}</UniqueIdentifier>
    </Filter>
    <Filter Include="include\geometry">
      <UniqueIdentifier>{5ad38410-894a-480e-9d53-dfeb0f4a04fa}</UniqueIdentifier>
    </Filter>
    <Filter Include="include\datetime">
      <UniqueIdentifier>{f99f1b6e-0ac2-4b19-9137-ded040f6fad8}</UniqueIdentifier>
    </Filter>
    <Filter Include="include\datastructure">
      <UniqueIdentifier>{0e6e1c34-2f4b-47f6-9ef5-65ee66e9ae57}</UniqueIdentifier>
    </Filter>
    <Filter Include="include\str">
      <UniqueIdentifier>{ad036e8a-2cdc-4356-ab64-79e0a7d0695a}</UniqueIdentifier>
    </Filter>
    <Filter Include="include\filesystem">
      <UniqueIdentifier>{77707058-add2-4453-bfc4-259b18245c86}</UniqueIdentifier>
    </Filter>
  </ItemGroup>
  <ItemGroup>
    <ClInclude Include="..\..\..\..\include\utils4cpp\filesystem\UPath.hpp">
      <Filter>include\filesystem</Filter>
    </ClInclude>
    <ClInclude Include="..\..\..\..\include\utils4cpp\filesystem\UFile.hpp">
      <Filter>include\filesystem</Filter>
    </ClInclude>
    <ClInclude Include="..\..\..\..\include\utils4cpp\filesystem\UDir.hpp">
      <Filter>include\filesystem</Filter>
    </ClInclude>
    <ClInclude Include="..\..\..\..\include\utils4cpp\filesystem\UFileSystemGlobal.hpp">
      <Filter>include\filesystem</Filter>
    </ClInclude>
    <ClInclude Include="..\..\..\..\include\utils4cpp\filesystem\UPathToString.inl">
      <Filter>include\filesystem</Filter>
    </ClInclude>
    <ClInclude Include="..\..\..\..\include\utils4cpp\filesystem\UPathUtils.hpp">
      <Filter>include\filesystem</Filter>
    </ClInclude>
    <ClInclude Include="..\..\..\..\include\utils4cpp\core\UCore.hpp">
      <Filter>include\core</Filter>
    </ClInclude>
    <ClInclude Include="..\..\..\..\include\utils4cpp\core\UCppStandardDetection.hpp">
      <Filter>include\core</Filter>
    </ClInclude>
    <ClInclude Include="..\..\..\..\include\utils4cpp\core\UExport.hpp">
      <Filter>include\core</Filter>
    </ClInclude>
    <ClInclude Include="..\..\..\..\include\utils4cpp\core\UOsDetection.hpp">
      <Filter>include\core</Filter>
    </ClInclude>
    <ClInclude Include="..\..\..\..\include\utils4cpp\core\UVersion.hpp">
      <Filter>include\core</Filter>
    </ClInclude>
    <ClInclude Include="..\..\..\..\include\utils4cpp\datetime\UDateTimeGlobal.hpp">
      <Filter>include\datetime</Filter>
    </ClInclude>
    <ClInclude Include="..\..\..\..\include\utils4cpp\datetime\UDate.hpp">
      <Filter>include\datetime</Filter>
    </ClInclude>
    <ClInclude Include="..\..\..\..\include\utils4cpp\datetime\UElapsedTimer.hpp">
      <Filter>include\datetime</Filter>
    </ClInclude>
    <ClInclude Include="..\..\..\..\include\utils4cpp\datetime\UTime.hpp">
      <Filter>include\datetime</Filter>
    </ClInclude>
    <ClInclude Include="..\..\..\..\include\utils4cpp\geometry\UPoint.hpp">
      <Filter>include\geometry</Filter>
    </ClInclude>
    <ClInclude Include="..\..\..\..\include\utils4cpp\geometry\URect.hpp">
      <Filter>include\geometry</Filter>
    </ClInclude>
    <ClInclude Include="..\..\..\..\include\utils4cpp\geometry\USize.hpp">
      <Filter>include\geometry</Filter>
    </ClInclude>
    <ClInclude Include="..\..\..\..\include\utils4cpp\str\UStringGlobal.hpp">
      <Filter>include\str</Filter>
    </ClInclude>
    <ClInclude Include="..\..\..\..\include\utils4cpp\str\UStringList.hpp">
      <Filter>include\str</Filter>
    </ClInclude>
    <ClInclude Include="..\..\..\..\include\utils4cpp\str\UStringUtils.hpp">
      <Filter>include\str</Filter>
    </ClInclude>
    <ClInclude Include="..\..\..\..\include\utils4cpp\geometry\UCuboid.hpp">
      <Filter>include\geometry</Filter>
    </ClInclude>
    <ClInclude Include="..\..\..\..\include\utils4cpp\datastructure\UMatrix.hpp">
      <Filter>include\datastructure</Filter>
    </ClInclude>
    <ClInclude Include="..\..\..\..\include\utils4cpp\datetime\UDateTime.hpp">
      <Filter>include\datetime</Filter>
    </ClInclude>
    <ClInclude Include="..\..\..\..\include\utils4cpp\str\UString.hpp">
      <Filter>include\str</Filter>
    </ClInclude>
    <ClInclude Include="..\..\..\..\include\utils4cpp\str\UStringTraits.hpp">
      <Filter>include\str</Filter>
    </ClInclude>
    <ClInclude Include="..\..\..\..\include\utils4cpp\geometry\URange.hpp">
      <Filter>include\geometry</Filter>
    </ClInclude>
    <ClInclude Include="..\..\..\..\include\utils4cpp\core\UTypeTraits.hpp">
      <Filter>include\core</Filter>
    </ClInclude>
    <ClInclude Include="..\..\..\..\include\utils4cpp\core\UDocConfig.hpp">
      <Filter>include\core</Filter>
    </ClInclude>
    <ClInclude Include="..\..\..\..\include\utils4cpp\str\UStringToNumber.hpp">
      <Filter>include\str</Filter>
    </ClInclude>
    <ClInclude Include="..\..\..\..\include\utils4cpp\core\UCompilerDetection.hpp">
      <Filter>include\core</Filter>
    </ClInclude>
    <ClInclude Include="..\..\..\..\include\utils4cpp\core\UProcessorDetection.hpp">
      <Filter>include\core</Filter>
    </ClInclude>
    <ClInclude Include="..\..\..\..\include\utils4cpp\core\UCppFeatures.hpp">
      <Filter>include\core</Filter>
    </ClInclude>
    <ClInclude Include="..\..\..\..\include\utils4cpp\core\UCppStandardAttributes.hpp">
      <Filter>include\core</Filter>
    </ClInclude>
    <ClInclude Include="..\..\..\..\include\utils4cpp\str\UCharCvt.hpp">
      <Filter>include\str</Filter>
    </ClInclude>
    <ClInclude Include="..\..\..\..\include\utils4cpp\str\UStringCvt.hpp">
      <Filter>include\str</Filter>
    </ClInclude>
    <ClInclude Include="..\..\..\..\include\utils4cpp\core\UNumericTraits.hpp">
      <Filter>include\core</Filter>
    </ClInclude>
  </ItemGroup>
  <ItemGroup>
    <ClCompile Include="..\..\..\..\src\UDate.cpp">
      <Filter>src</Filter>
    </ClCompile>
    <ClCompile Include="..\..\..\..\src\UElapsedTimer.cpp">
      <Filter>src</Filter>
    </ClCompile>
    <ClCompile Include="..\..\..\..\src\UTime.cpp">
      <Filter>src</Filter>
    </ClCompile>
    <ClCompile Include="..\..\..\..\src\UDir.cpp">
      <Filter>src</Filter>
    </ClCompile>
    <ClCompile Include="..\..\..\..\src\UFile.cpp">
      <Filter>src</Filter>
    </ClCompile>
    <ClCompile Include="..\..\..\..\src\UDateTime.cpp">
      <Filter>src</Filter>
    </ClCompile>
    <ClCompile Include="..\..\..\..\src\UStringConvert.cpp">
      <Filter>src</Filter>
    </ClCompile>
    <ClCompile Include="..\..\..\..\src\UCharConvert.cpp">
      <Filter>src</Filter>
    </ClCompile>
  </ItemGroup>
</Project>