<?xml version="1.0" encoding="utf-8"?>
<Project ToolsVersion="4.0" xmlns="http://schemas.microsoft.com/developer/msbuild/2003">
  <ItemGroup>
    <Filter Include="include">
      <UniqueIdentifier>{93995380-89BD-4b04-88EB-625FBE52EBFB}</UniqueIdentifier>
      <Extensions>h;hh;hpp;hxx;hm;inl;inc;ipp;xsd</Extensions>
    </Filter>
    <Filter Include="src">
      <UniqueIdentifier>{4FC737F1-C7A5-4376-A066-2A32D752A2FF}</UniqueIdentifier>
      <Extensions>cpp;c;cc;cxx;def;odl;idl;hpj;bat;asm;asmx</Extensions>
    </Filter>
    <Filter Include="include\core">
      <UniqueIdentifier>{c573de26-1179-498f-905c-06002ae86939}</UniqueIdentifier>
    </Filter>
    <Filter Include="include\geometry">
      <UniqueIdentifier>{5ad38410-894a-480e-9d53-dfeb0f4a04fa}</UniqueIdentifier>
    </Filter>
    <Filter Include="include\datetime">
      <UniqueIdentifier>{f99f1b6e-0ac2-4b19-9137-ded040f6fad8}</UniqueIdentifier>
    </Filter>
    <Filter Include="include\datastructure">
      <UniqueIdentifier>{0e6e1c34-2f4b-47f6-9ef5-65ee66e9ae57}</UniqueIdentifier>
    </Filter>
    <Filter Include="include\str">
      <UniqueIdentifier>{ad036e8a-2cdc-4356-ab64-79e0a7d0695a}</UniqueIdentifier>
    </Filter>
    <Filter Include="include\filesystem">
      <UniqueIdentifier>{77707058-add2-4453-bfc4-259b18245c86}</UniqueIdentifier>
    </Filter>
  </ItemGroup>
  <ItemGroup>
    <ClInclude Include="..\..\..\..\include\utils4cpp\core\Core.hpp">
      <Filter>include\core</Filter>
    </ClInclude>
    <ClInclude Include="..\..\..\..\include\utils4cpp\core\CppStandardDetection.hpp">
      <Filter>include\core</Filter>
    </ClInclude>
    <ClInclude Include="..\..\..\..\include\utils4cpp\core\Export.hpp">
      <Filter>include\core</Filter>
    </ClInclude>
    <ClInclude Include="..\..\..\..\include\utils4cpp\core\Version.hpp">
      <Filter>include\core</Filter>
    </ClInclude>
    <ClInclude Include="..\..\..\..\include\utils4cpp\geometry\Cuboid.hpp">
      <Filter>include\geometry</Filter>
    </ClInclude>
    <ClInclude Include="..\..\..\..\include\utils4cpp\geometry\Point.hpp">
      <Filter>include\geometry</Filter>
    </ClInclude>
    <ClInclude Include="..\..\..\..\include\utils4cpp\geometry\Rect.hpp">
      <Filter>include\geometry</Filter>
    </ClInclude>
    <ClInclude Include="..\..\..\..\include\utils4cpp\geometry\Size.hpp">
      <Filter>include\geometry</Filter>
    </ClInclude>
    <ClInclude Include="..\..\..\..\include\utils4cpp\datetime\Date.hpp">
      <Filter>include\datetime</Filter>
    </ClInclude>
    <ClInclude Include="..\..\..\..\include\utils4cpp\datetime\ElapsedTimer.hpp">
      <Filter>include\datetime</Filter>
    </ClInclude>
    <ClInclude Include="..\..\..\..\include\utils4cpp\datastructure\Matrix.hpp">
      <Filter>include\datastructure</Filter>
    </ClInclude>
    <ClInclude Include="..\..\..\..\include\utils4cpp\str\StringUtils.hpp">
      <Filter>include\str</Filter>
    </ClInclude>
    <ClInclude Include="..\..\..\..\include\utils4cpp\datetime\Time.hpp">
      <Filter>include\datetime</Filter>
    </ClInclude>
    <ClInclude Include="..\..\..\..\include\utils4cpp\datetime\DateTime.hpp">
      <Filter>include\datetime</Filter>
    </ClInclude>
    <ClInclude Include="..\..\..\..\include\utils4cpp\datetime\DateTimeGlobal.hpp">
      <Filter>include\datetime</Filter>
    </ClInclude>
    <ClInclude Include="..\..\..\..\include\utils4cpp\str\StringList.hpp">
      <Filter>include\str</Filter>
    </ClInclude>
    <ClInclude Include="..\..\..\..\include\utils4cpp\str\StringGlobal.hpp">
      <Filter>include\str</Filter>
    </ClInclude>
    <ClInclude Include="..\..\..\..\include\utils4cpp\str\StringToNumber.inc">
      <Filter>include\str</Filter>
    </ClInclude>
    <ClInclude Include="..\..\..\..\include\utils4cpp\filesystem\FileSystemGlobal.hpp">
      <Filter>include\filesystem</Filter>
    </ClInclude>
    <ClInclude Include="..\..\..\..\include\utils4cpp\filesystem\Dir.hpp">
      <Filter>include\filesystem</Filter>
    </ClInclude>
    <ClInclude Include="..\..\..\..\include\utils4cpp\filesystem\File.hpp">
      <Filter>include\filesystem</Filter>
    </ClInclude>
    <ClInclude Include="..\..\..\..\include\utils4cpp\filesystem\PathUtils.hpp">
      <Filter>include\filesystem</Filter>
    </ClInclude>
    <ClInclude Include="..\..\..\..\include\utils4cpp\core\StlConfig.hpp">
      <Filter>include\core</Filter>
    </ClInclude>
    <ClInclude Include="..\..\..\..\include\utils4cpp\core\OsDetection.hpp">
      <Filter>include\core</Filter>
    </ClInclude>
    <ClInclude Include="..\..\..\..\include\utils4cpp\filesystem\Path.hpp">
      <Filter>include\filesystem</Filter>
    </ClInclude>
    <ClInclude Include="..\..\..\..\include\utils4cpp\filesystem\PathToString.inc">
      <Filter>include\filesystem</Filter>
    </ClInclude>
  </ItemGroup>
  <ItemGroup>
    <ClCompile Include="..\..\..\..\src\Date.cpp">
      <Filter>src</Filter>
    </ClCompile>
    <ClCompile Include="..\..\..\..\src\ElapsedTimer.cpp">
      <Filter>src</Filter>
    </ClCompile>
    <ClCompile Include="..\..\..\..\src\Time.cpp">
      <Filter>src</Filter>
    </ClCompile>
    <ClCompile Include="..\..\..\..\src\DateTime.cpp">
      <Filter>src</Filter>
    </ClCompile>
    <ClCompile Include="..\..\..\..\src\Dir.cpp">
      <Filter>src</Filter>
    </ClCompile>
    <ClCompile Include="..\..\..\..\src\File.cpp">
      <Filter>src</Filter>
    </ClCompile>
  </ItemGroup>
</Project>